
Microsoft Visual Studio Solution File, Format Version 12.00
Project("{FAE04EC0-301F-11D3-BF4B-00C04F79EFBC}") = "Linq", "Linq\Linq.csproj", "{A8B8F0D9-2025-4CC7-B015-29F82832CCCF}"
EndProject
Global
	GlobalSection(SolutionConfigurationPlatforms) = preSolution
		Debug|Any CPU = Debug|Any CPU
		Release|Any CPU = Release|Any CPU
	EndGlobalSection
	GlobalSection(ProjectConfigurationPlatforms) = postSolution
		{A8B8F0D9-2025-4CC7-B015-29F82832CCCF}.Debug|Any CPU.ActiveCfg = Debug|Any CPU
		{A8B8F0D9-2025-4CC7-B015-29F82832CCCF}.Debug|Any CPU.Build.0 = Debug|Any CPU
		{A8B8F0D9-2025-4CC7-B015-29F82832CCCF}.Release|Any CPU.ActiveCfg = Release|Any CPU
		{A8B8F0D9-2025-4CC7-B015-29F82832CCCF}.Release|Any CPU.Build.0 = Release|Any CPU
	EndGlobalSection
EndGlobal
